
Microsoft Visual Studio Solution File, Format Version 12.00
# Visual Studio 15
VisualStudioVersion = 15.0.28307.1022
MinimumVisualStudioVersion = 10.0.40219.1
Project("{8BC9CEB8-8B4A-11D0-8D11-00A0C91BC942}") = "20200604", "20200604\20200604.vcxproj", "{76EF8543-A290-4165-9923-24774B280329}"
EndProject
Global
	GlobalSection(SolutionConfigurationPlatforms) = preSolution
		Debug|x64 = Debug|x64
		Debug|x86 = Debug|x86
		Release|x64 = Release|x64
		Release|x86 = Release|x86
	EndGlobalSection
	GlobalSection(ProjectConfigurationPlatforms) = postSolution
		{76EF8543-A290-4165-9923-24774B280329}.Debug|x64.ActiveCfg = Debug|x64
		{76EF8543-A290-4165-9923-24774B280329}.Debug|x64.Build.0 = Debug|x64
		{76EF8543-A290-4165-9923-24774B280329}.Debug|x86.ActiveCfg = Debug|Win32
		{76EF8543-A290-4165-9923-24774B280329}.Debug|x86.Build.0 = Debug|Win32
		{76EF8543-A290-4165-9923-24774B280329}.Release|x64.ActiveCfg = Release|x64
		{76EF8543-A290-4165-9923-24774B280329}.Release|x64.Build.0 = Release|x64
		{76EF8543-A290-4165-9923-24774B280329}.Release|x86.ActiveCfg = Release|Win32
		{76EF8543-A290-4165-9923-24774B280329}.Release|x86.Build.0 = Release|Win32
	EndGlobalSection
	GlobalSection(SolutionProperties) = preSolution
		HideSolutionNode = FALSE
	EndGlobalSection
	GlobalSection(ExtensibilityGlobals) = postSolution
		SolutionGuid = {46388F8D-6DAB-47C7-81FE-6186919D5162}
	EndGlobalSection
EndGlobal
